
Microsoft Visual Studio Solution File, Format Version 12.00
# Visual Studio Version 17
VisualStudioVersion = 17.9.34723.18
MinimumVisualStudioVersion = 10.0.40219.1
Project("{FAE04EC0-301F-11D3-BF4B-00C04F79EFBC}") = "GS1", "GS1.csproj", "{7F0C4A5C-709F-4F81-A6F2-56868EE2D561}"
EndProject
Global
	GlobalSection(SolutionConfigurationPlatforms) = preSolution
		Debug|Any CPU = Debug|Any CPU
		Release|Any CPU = Release|Any CPU
	EndGlobalSection
	GlobalSection(ProjectConfigurationPlatforms) = postSolution
		{7F0C4A5C-709F-4F81-A6F2-56868EE2D561}.Debug|Any CPU.ActiveCfg = Debug|Any CPU
		{7F0C4A5C-709F-4F81-A6F2-56868EE2D561}.Debug|Any CPU.Build.0 = Debug|Any CPU
		{7F0C4A5C-709F-4F81-A6F2-56868EE2D561}.Release|Any CPU.ActiveCfg = Release|Any CPU
		{7F0C4A5C-709F-4F81-A6F2-56868EE2D561}.Release|Any CPU.Build.0 = Release|Any CPU
	EndGlobalSection
	GlobalSection(SolutionProperties) = preSolution
		HideSolutionNode = FALSE
	EndGlobalSection
	GlobalSection(ExtensibilityGlobals) = postSolution
		SolutionGuid = {E45BD238-EE4E-48C0-A408-8E6F281175E1}
	EndGlobalSection
EndGlobal
